// !$*UTF8*$!
{
	archiveVersion = 1;
	classes = {
	};
	objectVersion = 46;
	objects = {

/* Begin PBXBuildFile section */
		4F584B4E194352AE00774E0E /* AppDelegate.swift in Sources */ = {isa = PBXBuildFile; fileRef = 4F584B4D194352AE00774E0E /* AppDelegate.swift */; };
		4F584B50194352AE00774E0E /* ViewController.swift in Sources */ = {isa = PBXBuildFile; fileRef = 4F584B4F194352AE00774E0E /* ViewController.swift */; };
		4F584B53194352AE00774E0E /* Main.storyboard in Resources */ = {isa = PBXBuildFile; fileRef = 4F584B51194352AE00774E0E /* Main.storyboard */; };
		4F584B55194352AE00774E0E /* Images.xcassets in Resources */ = {isa = PBXBuildFile; fileRef = 4F584B54194352AE00774E0E /* Images.xcassets */; };
		4F584B61194352AE00774E0E /* SwiftBallsTests.swift in Sources */ = {isa = PBXBuildFile; fileRef = 4F584B60194352AE00774E0E /* SwiftBallsTests.swift */; };
/* End PBXBuildFile section */

/* Begin PBXContainerItemProxy section */
		4F584B5B194352AE00774E0E /* PBXContainerItemProxy */ = {
			isa = PBXContainerItemProxy;
			containerPortal = 4F584B40194352AE00774E0E /* Project object */;
			proxyType = 1;
			remoteGlobalIDString = 4F584B47194352AE00774E0E;
			remoteInfo = SwiftBalls;
		};
/* End PBXContainerItemProxy section */

/* Begin PBXFileReference section */
		4F584B48194352AE00774E0E /* SwiftBalls.app */ = {isa = PBXFileReference; explicitFileType = wrapper.application; includeInIndex = 0; path = SwiftBalls.app; sourceTree = BUILT_PRODUCTS_DIR; };
		4F584B4C194352AE00774E0E /* Info.plist */ = {isa = PBXFileReference; lastKnownFileType = text.plist.xml; path = Info.plist; sourceTree = "<group>"; };
		4F584B4D194352AE00774E0E /* AppDelegate.swift */ = {isa = PBXFileReference; lastKnownFileType = sourcecode.swift; path = AppDelegate.swift; sourceTree = "<group>"; };
		4F584B4F194352AE00774E0E /* ViewController.swift */ = {isa = PBXFileReference; lastKnownFileType = sourcecode.swift; path = ViewController.swift; sourceTree = "<group>"; };
		4F584B52194352AE00774E0E /* Base */ = {isa = PBXFileReference; lastKnownFileType = file.storyboard; name = Base; path = Base.lproj/Main.storyboard; sourceTree = "<group>"; };
		4F584B54194352AE00774E0E /* Images.xcassets */ = {isa = PBXFileReference; lastKnownFileType = folder.assetcatalog; path = Images.xcassets; sourceTree = "<group>"; };
		4F584B5A194352AE00774E0E /* SwiftBallsTests.xctest */ = {isa = PBXFileReference; explicitFileType = wrapper.cfbundle; includeInIndex = 0; path = SwiftBallsTests.xctest; sourceTree = BUILT_PRODUCTS_DIR; };
		4F584B5F194352AE00774E0E /* Info.plist */ = {isa = PBXFileReference; lastKnownFileType = text.plist.xml; path = Info.plist; sourceTree = "<group>"; };
		4F584B60194352AE00774E0E /* SwiftBallsTests.swift */ = {isa = PBXFileReference; lastKnownFileType = sourcecode.swift; path = SwiftBallsTests.swift; sourceTree = "<group>"; };
/* End PBXFileReference section */

/* Begin PBXFrameworksBuildPhase section */
		4F584B45194352AE00774E0E /* Frameworks */ = {
			isa = PBXFrameworksBuildPhase;
			buildActionMask = 2147483647;
			files = (
			);
			runOnlyForDeploymentPostprocessing = 0;
		};
		4F584B57194352AE00774E0E /* Frameworks */ = {
			isa = PBXFrameworksBuildPhase;
			buildActionMask = 2147483647;
			files = (
			);
			runOnlyForDeploymentPostprocessing = 0;
		};
/* End PBXFrameworksBuildPhase section */

/* Begin PBXGroup section */
		4F584B3F194352AE00774E0E = {
			isa = PBXGroup;
			children = (
				4F584B4A194352AE00774E0E /* SwiftBalls */,
				4F584B5D194352AE00774E0E /* SwiftBallsTests */,
				4F584B49194352AE00774E0E /* Products */,
			);
			sourceTree = "<group>";
		};
		4F584B49194352AE00774E0E /* Products */ = {
			isa = PBXGroup;
			children = (
				4F584B48194352AE00774E0E /* SwiftBalls.app */,
				4F584B5A194352AE00774E0E /* SwiftBallsTests.xctest */,
			);
			name = Products;
			sourceTree = "<group>";
		};
		4F584B4A194352AE00774E0E /* SwiftBalls */ = {
			isa = PBXGroup;
			children = (
				4F584B4D194352AE00774E0E /* AppDelegate.swift */,
				4F584B4F194352AE00774E0E /* ViewController.swift */,
				4F584B51194352AE00774E0E /* Main.storyboard */,
				4F584B54194352AE00774E0E /* Images.xcassets */,
				4F584B4B194352AE00774E0E /* Supporting Files */,
			);
			path = SwiftBalls;
			sourceTree = "<group>";
		};
		4F584B4B194352AE00774E0E /* Supporting Files */ = {
			isa = PBXGroup;
			children = (
				4F584B4C194352AE00774E0E /* Info.plist */,
			);
			name = "Supporting Files";
			sourceTree = "<group>";
		};
		4F584B5D194352AE00774E0E /* SwiftBallsTests */ = {
			isa = PBXGroup;
			children = (
				4F584B60194352AE00774E0E /* SwiftBallsTests.swift */,
				4F584B5E194352AE00774E0E /* Supporting Files */,
			);
			path = SwiftBallsTests;
			sourceTree = "<group>";
		};
		4F584B5E194352AE00774E0E /* Supporting Files */ = {
			isa = PBXGroup;
			children = (
				4F584B5F194352AE00774E0E /* Info.plist */,
			);
			name = "Supporting Files";
			sourceTree = "<group>";
		};
/* End PBXGroup section */

/* Begin PBXNativeTarget section */
		4F584B47194352AE00774E0E /* SwiftBalls */ = {
			isa = PBXNativeTarget;
			buildConfigurationList = 4F584B64194352AE00774E0E /* Build configuration list for PBXNativeTarget "SwiftBalls" */;
			buildPhases = (
				4F584B44194352AE00774E0E /* Sources */,
				4F584B45194352AE00774E0E /* Frameworks */,
				4F584B46194352AE00774E0E /* Resources */,
			);
			buildRules = (
			);
			dependencies = (
			);
			name = SwiftBalls;
			productName = SwiftBalls;
			productReference = 4F584B48194352AE00774E0E /* SwiftBalls.app */;
			productType = "com.apple.product-type.application";
		};
		4F584B59194352AE00774E0E /* SwiftBallsTests */ = {
			isa = PBXNativeTarget;
			buildConfigurationList = 4F584B67194352AE00774E0E /* Build configuration list for PBXNativeTarget "SwiftBallsTests" */;
			buildPhases = (
				4F584B56194352AE00774E0E /* Sources */,
				4F584B57194352AE00774E0E /* Frameworks */,
				4F584B58194352AE00774E0E /* Resources */,
			);
			buildRules = (
			);
			dependencies = (
				4F584B5C194352AE00774E0E /* PBXTargetDependency */,
			);
			name = SwiftBallsTests;
			productName = SwiftBallsTests;
			productReference = 4F584B5A194352AE00774E0E /* SwiftBallsTests.xctest */;
			productType = "com.apple.product-type.bundle.unit-test";
		};
/* End PBXNativeTarget section */

/* Begin PBXProject section */
		4F584B40194352AE00774E0E /* Project object */ = {
			isa = PBXProject;
			attributes = {
				LastUpgradeCheck = 0600;
				ORGANIZATIONNAME = "James Milton";
				TargetAttributes = {
					4F584B47194352AE00774E0E = {
						CreatedOnToolsVersion = 6.0;
					};
					4F584B59194352AE00774E0E = {
						CreatedOnToolsVersion = 6.0;
						TestTargetID = 4F584B47194352AE00774E0E;
					};
				};
			};
			buildConfigurationList = 4F584B43194352AE00774E0E /* Build configuration list for PBXProject "SwiftBalls" */;
			compatibilityVersion = "Xcode 3.2";
			developmentRegion = English;
			hasScannedForEncodings = 0;
			knownRegions = (
				en,
				Base,
			);
			mainGroup = 4F584B3F194352AE00774E0E;
			productRefGroup = 4F584B49194352AE00774E0E /* Products */;
			projectDirPath = "";
			projectRoot = "";
			targets = (
				4F584B47194352AE00774E0E /* SwiftBalls */,
				4F584B59194352AE00774E0E /* SwiftBallsTests */,
			);
		};
/* End PBXProject section */

/* Begin PBXResourcesBuildPhase section */
		4F584B46194352AE00774E0E /* Resources */ = {
			isa = PBXResourcesBuildPhase;
			buildActionMask = 2147483647;
			files = (
				4F584B53194352AE00774E0E /* Main.storyboard in Resources */,
				4F584B55194352AE00774E0E /* Images.xcassets in Resources */,
			);
			runOnlyForDeploymentPostprocessing = 0;
		};
		4F584B58194352AE00774E0E /* Resources */ = {
			isa = PBXResourcesBuildPhase;
			buildActionMask = 2147483647;
			files = (
			);
			runOnlyForDeploymentPostprocessing = 0;
		};
/* End PBXResourcesBuildPhase section */

/* Begin PBXSourcesBuildPhase section */
		4F584B44194352AE00774E0E /* Sources */ = {
			isa = PBXSourcesBuildPhase;
			buildActionMask = 2147483647;
			files = (
				4F584B50194352AE00774E0E /* ViewController.swift in Sources */,
				4F584B4E194352AE00774E0E /* AppDelegate.swift in Sources */,
			);
			runOnlyForDeploymentPostprocessing = 0;
		};
		4F584B56194352AE00774E0E /* Sources */ = {
			isa = PBXSourcesBuildPhase;
			buildActionMask = 2147483647;
			files = (
				4F584B61194352AE00774E0E /* SwiftBallsTests.swift in Sources */,
			);
			runOnlyForDeploymentPostprocessing = 0;
		};
/* End PBXSourcesBuildPhase section */

/* Begin PBXTargetDependency section */
		4F584B5C194352AE00774E0E /* PBXTargetDependency */ = {
			isa = PBXTargetDependency;
			target = 4F584B47194352AE00774E0E /* SwiftBalls */;
			targetProxy = 4F584B5B194352AE00774E0E /* PBXContainerItemProxy */;
		};
/* End PBXTargetDependency section */

/* Begin PBXVariantGroup section */
		4F584B51194352AE00774E0E /* Main.storyboard */ = {
			isa = PBXVariantGroup;
			children = (
				4F584B52194352AE00774E0E /* Base */,
			);
			name = Main.storyboard;
			sourceTree = "<group>";
		};
/* End PBXVariantGroup section */

/* Begin XCBuildConfiguration section */
		4F584B62194352AE00774E0E /* Debug */ = {
			isa = XCBuildConfiguration;
			buildSettings = {
				ALWAYS_SEARCH_USER_PATHS = NO;
				CLANG_CXX_LANGUAGE_STANDARD = "gnu++0x";
				CLANG_CXX_LIBRARY = "libc++";
				CLANG_ENABLE_MODULES = YES;
				CLANG_ENABLE_OBJC_ARC = YES;
				CLANG_WARN_BOOL_CONVERSION = YES;
				CLANG_WARN_CONSTANT_CONVERSION = YES;
				CLANG_WARN_DIRECT_OBJC_ISA_USAGE = YES_ERROR;
				CLANG_WARN_EMPTY_BODY = YES;
				CLANG_WARN_ENUM_CONVERSION = YES;
				CLANG_WARN_INT_CONVERSION = YES;
				CLANG_WARN_OBJC_ROOT_CLASS = YES_ERROR;
				CLANG_WARN_UNREACHABLE_CODE = YES;
				CLANG_WARN__DUPLICATE_METHOD_MATCH = YES;
				"CODE_SIGN_IDENTITY[sdk=iphoneos*]" = "iPhone Developer";
				COPY_PHASE_STRIP = NO;
				ENABLE_STRICT_OBJC_MSGSEND = YES;
				GCC_C_LANGUAGE_STANDARD = gnu99;
				GCC_DYNAMIC_NO_PIC = NO;
				GCC_OPTIMIZATION_LEVEL = 0;
				GCC_PREPROCESSOR_DEFINITIONS = (
					"DEBUG=1",
					"$(inherited)",
				);
				GCC_SYMBOLS_PRIVATE_EXTERN = NO;
				GCC_WARN_64_TO_32_BIT_CONVERSION = YES;
				GCC_WARN_ABOUT_RETURN_TYPE = YES_ERROR;
				GCC_WARN_UNDECLARED_SELECTOR = YES;
				GCC_WARN_UNINITIALIZED_AUTOS = YES_AGGRESSIVE;
				GCC_WARN_UNUSED_FUNCTION = YES;
				GCC_WARN_UNUSED_VARIABLE = YES;
				IPHONEOS_DEPLOYMENT_TARGET = 8.0;
				METAL_ENABLE_DEBUG_INFO = YES;
				ONLY_ACTIVE_ARCH = YES;
				SDKROOT = iphoneos;
				SWIFT_OPTIMIZATION_LEVEL = "-Onone";
			};
			name = Debug;
		};
		4F584B63194352AE00774E0E /* Release */ = {
			isa = XCBuildConfiguration;
			buildSettings = {
				ALWAYS_SEARCH_USER_PATHS = NO;
				CLANG_CXX_LANGUAGE_STANDARD = "gnu++0x";
				CLANG_CXX_LIBRARY = "libc++";
				CLANG_ENABLE_MODULES = YES;
				CLANG_ENABLE_OBJC_ARC = YES;
				CLANG_WARN_BOOL_CONVERSION = YES;
				CLANG_WARN_CONSTANT_CONVERSION = YES;
				CLANG_WARN_DIRECT_OBJC_ISA_USAGE = YES_ERROR;
				CLANG_WARN_EMPTY_BODY = YES;
				CLANG_WARN_ENUM_CONVERSION = YES;
				CLANG_WARN_INT_CONVERSION = YES;
				CLANG_WARN_OBJC_ROOT_CLASS = YES_ERROR;
				CLANG_WARN_UNREACHABLE_CODE = YES;
				CLANG_WARN__DUPLICATE_METHOD_MATCH = YES;
				"CODE_SIGN_IDENTITY[sdk=iphoneos*]" = "iPhone Developer";
				COPY_PHASE_STRIP = YES;
				ENABLE_NS_ASSERTIONS = NO;
				ENABLE_STRICT_OBJC_MSGSEND = YES;
				GCC_C_LANGUAGE_STANDARD = gnu99;
				GCC_WARN_64_TO_32_BIT_CONVERSION = YES;
				GCC_WARN_ABOUT_RETURN_TYPE = YES_ERROR;
				GCC_WARN_UNDECLARED_SELECTOR = YES;
				GCC_WARN_UNINITIALIZED_AUTOS = YES_AGGRESSIVE;
				GCC_WARN_UNUSED_FUNCTION = YES;
				GCC_WARN_UNUSED_VARIABLE = YES;
				IPHONEOS_DEPLOYMENT_TARGET = 8.0;
				METAL_ENABLE_DEBUG_INFO = NO;
				SDKROOT = iphoneos;
				VALIDATE_PRODUCT = YES;
			};
			name = Release;
		};
		4F584B65194352AE00774E0E /* Debug */ = {
			isa = XCBuildConfiguration;
			buildSettings = {
				ASSETCATALOG_COMPILER_APPICON_NAME = AppIcon;
				ASSETCATALOG_COMPILER_LAUNCHIMAGE_NAME = LaunchImage;
				INFOPLIST_FILE = SwiftBalls/Info.plist;
				LD_RUNPATH_SEARCH_PATHS = "$(inherited) @executable_path/Frameworks";
				PRODUCT_NAME = "$(TARGET_NAME)";
			};
			name = Debug;
		};
		4F584B66194352AE00774E0E /* Release */ = {
			isa = XCBuildConfiguration;
			buildSettings = {
				ASSETCATALOG_COMPILER_APPICON_NAME = AppIcon;
				ASSETCATALOG_COMPILER_LAUNCHIMAGE_NAME = LaunchImage;
				INFOPLIST_FILE = SwiftBalls/Info.plist;
				LD_RUNPATH_SEARCH_PATHS = "$(inherited) @executable_path/Frameworks";
				PRODUCT_NAME = "$(TARGET_NAME)";
			};
			name = Release;
		};
		4F584B68194352AE00774E0E /* Debug */ = {
			isa = XCBuildConfiguration;
			buildSettings = {
				BUNDLE_LOADER = "$(BUILT_PRODUCTS_DIR)/SwiftBalls.app/SwiftBalls";
				FRAMEWORK_SEARCH_PATHS = (
					"$(SDKROOT)/Developer/Library/Frameworks",
					"$(inherited)",
				);
				GCC_PREPROCESSOR_DEFINITIONS = (
					"DEBUG=1",
					"$(inherited)",
				);
				INFOPLIST_FILE = SwiftBallsTests/Info.plist;
				LD_RUNPATH_SEARCH_PATHS = "$(inherited) @executable_path/Frameworks @loader_path/Frameworks";
				METAL_ENABLE_DEBUG_INFO = YES;
				PRODUCT_NAME = "$(TARGET_NAME)";
				TEST_HOST = "$(BUNDLE_LOADER)";
			};
			name = Debug;
		};
		4F584B69194352AE00774E0E /* Release */ = {
			isa = XCBuildConfiguration;
			buildSettings = {
				BUNDLE_LOADER = "$(BUILT_PRODUCTS_DIR)/SwiftBalls.app/SwiftBalls";
				FRAMEWORK_SEARCH_PATHS = (
					"$(SDKROOT)/Developer/Library/Frameworks",
					"$(inherited)",
				);
				INFOPLIST_FILE = SwiftBallsTests/Info.plist;
				LD_RUNPATH_SEARCH_PATHS = "$(inherited) @executable_path/Frameworks @loader_path/Frameworks";
				METAL_ENABLE_DEBUG_INFO = NO;
				PRODUCT_NAME = "$(TARGET_NAME)";
				TEST_HOST = "$(BUNDLE_LOADER)";
			};
			name = Release;
		};
/* End XCBuildConfiguration section */

/* Begin XCConfigurationList section */
		4F584B43194352AE00774E0E /* Build configuration list for PBXProject "SwiftBalls" */ = {
			isa = XCConfigurationList;
			buildConfigurations = (
				4F584B62194352AE00774E0E /* Debug */,
				4F584B63194352AE00774E0E /* Release */,
			);
			defaultConfigurationIsVisible = 0;
			defaultConfigurationName = Release;
		};
		4F584B64194352AE00774E0E /* Build configuration list for PBXNativeTarget "SwiftBalls" */ = {
			isa = XCConfigurationList;
			buildConfigurations = (
				4F584B65194352AE00774E0E /* Debug */,
				4F584B66194352AE00774E0E /* Release */,
			);
			defaultConfigurationIsVisible = 0;
		};
		4F584B67194352AE00774E0E /* Build configuration list for PBXNativeTarget "SwiftBallsTests" */ = {
			isa = XCConfigurationList;
			buildConfigurations = (
				4F584B68194352AE00774E0E /* Debug */,
				4F584B69194352AE00774E0E /* Release */,
			);
			defaultConfigurationIsVisible = 0;
		};
/* End XCConfigurationList section */
	};
	rootObject = 4F584B40194352AE00774E0E /* Project object */;
}
